
Microsoft Visual Studio Solution File, Format Version 12.00
# Visual Studio Version 17
VisualStudioVersion = 17.11.35222.181
MinimumVisualStudioVersion = 10.0.40219.1
Project("{FAE04EC0-301F-11D3-BF4B-00C04F79EFBC}") = "DoublyLinkedListApp", "DoublyLinkedListApp\DoublyLinkedListApp.csproj", "{8F3E8DE9-FE99-4BA8-8CB0-C91B00E53C7C}"
EndProject
Global
	GlobalSection(SolutionConfigurationPlatforms) = preSolution
		Debug|Any CPU = Debug|Any CPU
		Release|Any CPU = Release|Any CPU
	EndGlobalSection
	GlobalSection(ProjectConfigurationPlatforms) = postSolution
		{8F3E8DE9-FE99-4BA8-8CB0-C91B00E53C7C}.Debug|Any CPU.ActiveCfg = Debug|Any CPU
		{8F3E8DE9-FE99-4BA8-8CB0-C91B00E53C7C}.Debug|Any CPU.Build.0 = Debug|Any CPU
		{8F3E8DE9-FE99-4BA8-8CB0-C91B00E53C7C}.Release|Any CPU.ActiveCfg = Release|Any CPU
		{8F3E8DE9-FE99-4BA8-8CB0-C91B00E53C7C}.Release|Any CPU.Build.0 = Release|Any CPU
	EndGlobalSection
	GlobalSection(SolutionProperties) = preSolution
		HideSolutionNode = FALSE
	EndGlobalSection
	GlobalSection(ExtensibilityGlobals) = postSolution
		SolutionGuid = {F6DFD928-CD03-4961-999D-BF8A663C7C12}
	EndGlobalSection
EndGlobal
